{
  "originHash" : "855893a51d68f76c58d24677bfa64c84b73f220fd4bde444e64230a62649a476",
  "pins" : [
    {
      "identity" : "misakiswift",
      "kind" : "remoteSourceControl",
      "location" : "https://github.com/webcoyote/MisakiSwift",
      "state" : {
        "revision" : "15866ec23a2d9725a3d7ac28fd3bb9314fc66fa2",
        "version" : "1.0.4"
      }
    },
    {
      "identity" : "mlx-swift",
      "kind" : "remoteSourceControl",
      "location" : "https://github.com/webcoyote/mlx-swift",
      "state" : {
        "revision" : "ffca23e237f8f28919b7fd16c408f7722de14be5",
        "version" : "0.29.2"
      }
    },
    {
      "identity" : "mlxutilslibrary",
      "kind" : "remoteSourceControl",
      "location" : "https://github.com/webcoyote/MLXUtilsLibrary.git",
      "state" : {
        "revision" : "b4088c784d4b5b37a5f96a50ce4e7c4baf81686d",
        "version" : "0.0.5"
      }
    },
    {
      "identity" : "swift-numerics",
      "kind" : "remoteSourceControl",
      "location" : "https://github.com/apple/swift-numerics",
      "state" : {
        "revision" : "0c0290ff6b24942dadb83a929ffaaa1481df04a2",
        "version" : "1.1.1"
      }
    },
    {
      "identity" : "zipfoundation",
      "kind" : "remoteSourceControl",
      "location" : "https://github.com/weichsel/ZIPFoundation.git",
      "state" : {
        "revision" : "22787ffb59de99e5dc1fbfe80b19c97a904ad48d",
        "version" : "0.9.20"
      }
    }
  ],
  "version" : 3
}
