// !$*UTF8*$!
{
	archiveVersion = 1;
	classes = {
	};
	objectVersion = 77;
	objects = {

/* Begin PBXAggregateTarget section */
		8D0997942D85800A002ADCA9 /* espeak-ng macosx */ = {
			isa = PBXAggregateTarget;
			buildConfigurationList = 8D0997962D85800A002ADCA9 /* Build configuration list for PBXAggregateTarget "espeak-ng macosx" */;
			buildPhases = (
				8D0997952D85800A002ADCA9 /* ShellScript */,
			);
			dependencies = (
			);
			name = "espeak-ng macosx";
			packageProductDependencies = (
			);
			productName = XCFramework;
		};
		8D4650932D4E7DD500059FC6 /* espeak-ng .xcframework */ = {
			isa = PBXAggregateTarget;
			buildConfigurationList = 8D4650962D4E7DD500059FC6 /* Build configuration list for PBXAggregateTarget "espeak-ng .xcframework" */;
			buildPhases = (
				8D4650972D4E7DDA00059FC6 /* ShellScript */,
			);
			dependencies = (
			);
			name = "espeak-ng .xcframework";
			packageProductDependencies = (
			);
			productName = XCFramework;
		};
/* End PBXAggregateTarget section */

/* Begin PBXBuildFile section */
		8D464B012D4681C700059FC6 /* espeak-ng-data.bundle in Resources */ = {isa = PBXBuildFile; fileRef = 8D464B002D4681C700059FC6 /* espeak-ng-data.bundle */; };
/* End PBXBuildFile section */

/* Begin PBXFileReference section */
		8D464A1D2D455D0E00059FC6 /* ESpeakNG.framework */ = {isa = PBXFileReference; explicitFileType = wrapper.framework; includeInIndex = 0; path = ESpeakNG.framework; sourceTree = BUILT_PRODUCTS_DIR; };
		8D464B002D4681C700059FC6 /* espeak-ng-data.bundle */ = {isa = PBXFileReference; lastKnownFileType = "wrapper.plug-in"; path = "espeak-ng-data.bundle"; sourceTree = "<group>"; };
/* End PBXFileReference section */

/* Begin PBXFileSystemSynchronizedBuildFileExceptionSet section */
		8D464CB52D468BD800059FC6 /* Exceptions for "espeak-ng" folder in "espeak-ng" target */ = {
			isa = PBXFileSystemSynchronizedBuildFileExceptionSet;
			publicHeaders = (
				"espeak-ng/espeak_ng.h",
				"espeak-ng/speak_lib.h",
				ESpeakNG.h,
			);
			target = 8D464A1C2D455D0E00059FC6 /* espeak-ng */;
		};
/* End PBXFileSystemSynchronizedBuildFileExceptionSet section */

/* Begin PBXFileSystemSynchronizedGroupBuildPhaseMembershipExceptionSet section */
		8D464CB62D468BD800059FC6 /* Exceptions for "espeak-ng" folder in "Copy Bundle Resources" phase from "espeak-ng" target */ = {
			isa = PBXFileSystemSynchronizedGroupBuildPhaseMembershipExceptionSet;
			buildPhase = 8D464A1B2D455D0E00059FC6 /* Resources */;
			membershipExceptions = (
				ESpeakNG.h,
			);
		};
/* End PBXFileSystemSynchronizedGroupBuildPhaseMembershipExceptionSet section */

/* Begin PBXFileSystemSynchronizedRootGroup section */
		8D464A1F2D455D0E00059FC6 /* espeak-ng */ = {
			isa = PBXFileSystemSynchronizedRootGroup;
			exceptions = (
				8D464CB52D468BD800059FC6 /* Exceptions for "espeak-ng" folder in "espeak-ng" target */,
				8D464CB62D468BD800059FC6 /* Exceptions for "espeak-ng" folder in "Copy Bundle Resources" phase from "espeak-ng" target */,
			);
			path = "espeak-ng";
			sourceTree = "<group>";
		};
/* End PBXFileSystemSynchronizedRootGroup section */

/* Begin PBXFrameworksBuildPhase section */
		8D464A1A2D455D0E00059FC6 /* Frameworks */ = {
			isa = PBXFrameworksBuildPhase;
			buildActionMask = 2147483647;
			files = (
			);
			runOnlyForDeploymentPostprocessing = 0;
		};
/* End PBXFrameworksBuildPhase section */

/* Begin PBXGroup section */
		8D464A132D455D0E00059FC6 = {
			isa = PBXGroup;
			children = (
				8D464B002D4681C700059FC6 /* espeak-ng-data.bundle */,
				8D464A1F2D455D0E00059FC6 /* espeak-ng */,
				8D464A1E2D455D0E00059FC6 /* Products */,
			);
			sourceTree = "<group>";
		};
		8D464A1E2D455D0E00059FC6 /* Products */ = {
			isa = PBXGroup;
			children = (
				8D464A1D2D455D0E00059FC6 /* ESpeakNG.framework */,
			);
			name = Products;
			sourceTree = "<group>";
		};
/* End PBXGroup section */

/* Begin PBXHeadersBuildPhase section */
		8D464A182D455D0E00059FC6 /* Headers */ = {
			isa = PBXHeadersBuildPhase;
			buildActionMask = 2147483647;
			files = (
			);
			runOnlyForDeploymentPostprocessing = 0;
		};
/* End PBXHeadersBuildPhase section */

/* Begin PBXNativeTarget section */
		8D464A1C2D455D0E00059FC6 /* espeak-ng */ = {
			isa = PBXNativeTarget;
			buildConfigurationList = 8D464A232D455D0E00059FC6 /* Build configuration list for PBXNativeTarget "espeak-ng" */;
			buildPhases = (
				8D464A182D455D0E00059FC6 /* Headers */,
				8D464A192D455D0E00059FC6 /* Sources */,
				8D464A1A2D455D0E00059FC6 /* Frameworks */,
				8D464A1B2D455D0E00059FC6 /* Resources */,
			);
			buildRules = (
			);
			dependencies = (
			);
			fileSystemSynchronizedGroups = (
				8D464A1F2D455D0E00059FC6 /* espeak-ng */,
			);
			name = "espeak-ng";
			packageProductDependencies = (
			);
			productName = espeakng;
			productReference = 8D464A1D2D455D0E00059FC6 /* ESpeakNG.framework */;
			productType = "com.apple.product-type.framework";
		};
/* End PBXNativeTarget section */

/* Begin PBXProject section */
		8D464A142D455D0E00059FC6 /* Project object */ = {
			isa = PBXProject;
			attributes = {
				BuildIndependentTargetsInParallel = 1;
				LastUpgradeCheck = 1620;
				TargetAttributes = {
					8D464A1C2D455D0E00059FC6 = {
						CreatedOnToolsVersion = 16.2;
					};
					8D4650932D4E7DD500059FC6 = {
						CreatedOnToolsVersion = 16.2;
					};
				};
			};
			buildConfigurationList = 8D464A172D455D0E00059FC6 /* Build configuration list for PBXProject "espeak-ng" */;
			developmentRegion = en;
			hasScannedForEncodings = 0;
			knownRegions = (
				en,
				Base,
			);
			mainGroup = 8D464A132D455D0E00059FC6;
			minimizedProjectReferenceProxies = 1;
			preferredProjectObjectVersion = 77;
			productRefGroup = 8D464A1E2D455D0E00059FC6 /* Products */;
			projectDirPath = "";
			projectRoot = "";
			targets = (
				8D464A1C2D455D0E00059FC6 /* espeak-ng */,
				8D4650932D4E7DD500059FC6 /* espeak-ng .xcframework */,
				8D0997942D85800A002ADCA9 /* espeak-ng macosx */,
			);
		};
/* End PBXProject section */

/* Begin PBXResourcesBuildPhase section */
		8D464A1B2D455D0E00059FC6 /* Resources */ = {
			isa = PBXResourcesBuildPhase;
			buildActionMask = 2147483647;
			files = (
				8D464B012D4681C700059FC6 /* espeak-ng-data.bundle in Resources */,
			);
			runOnlyForDeploymentPostprocessing = 0;
		};
/* End PBXResourcesBuildPhase section */

/* Begin PBXShellScriptBuildPhase section */
		8D0997952D85800A002ADCA9 /* ShellScript */ = {
			isa = PBXShellScriptBuildPhase;
			buildActionMask = 2147483647;
			files = (
			);
			inputFileListPaths = (
			);
			inputPaths = (
			);
			outputFileListPaths = (
			);
			outputPaths = (
			);
			runOnlyForDeploymentPostprocessing = 0;
			shellPath = /bin/sh;
			shellScript = "#!/bin/bash\nset -euo pipefail\n\nFRAMEWORK_NAME=\"ESpeakNG\" \nSCHEME_NAME=\"espeak-ng\" \nCONFIGURATION=\"Release\"\nOUTPUT_DIR=\"${PROJECT_DIR}/../Frameworks\" \n\n# Derived archive paths\nMACOSX_ARCHIVE_PATH=\"${OUTPUT_DIR}/${FRAMEWORK_NAME}-macos.xcarchive\"\nFRAMEWORK_OUTPUT_PATH=\"${OUTPUT_DIR}/${FRAMEWORK_NAME}.framework\"\n\necho \"Building for MacOSX device...\"\nxcodebuild archive \\\n  -scheme \"${SCHEME_NAME}\" \\\n  -configuration \"${CONFIGURATION}\" \\\n  -sdk macosx \\\n  BUILD_DIR=\"${OUTPUT_DIR}\"\n  SKIP_INSTALL=NO \\\n  BUILD_LIBRARY_FOR_DISTRIBUTION=YES\n\n\n";
		};
		8D4650972D4E7DDA00059FC6 /* ShellScript */ = {
			isa = PBXShellScriptBuildPhase;
			buildActionMask = 2147483647;
			files = (
			);
			inputFileListPaths = (
			);
			inputPaths = (
			);
			outputFileListPaths = (
			);
			outputPaths = (
			);
			runOnlyForDeploymentPostprocessing = 0;
			shellPath = /bin/sh;
			shellScript = "#!/bin/bash\nset -euo pipefail\n\nFRAMEWORK_NAME=\"ESpeakNG\" \nSCHEME_NAME=\"espeak-ng\" \nCONFIGURATION=\"Release\"\nOUTPUT_DIR=\"${PROJECT_DIR}/../Frameworks\" \n\n# Derived archive paths\nDEVICE_ARCHIVE_PATH=\"${OUTPUT_DIR}/${FRAMEWORK_NAME}-ios.xcarchive\"\nSIMULATOR_ARCHIVE_PATH=\"${OUTPUT_DIR}/${FRAMEWORK_NAME}-simulator.xcarchive\"\nXCFRAMEWORK_OUTPUT_PATH=\"${OUTPUT_DIR}/${FRAMEWORK_NAME}.xcframework\"\n\necho \"Cleaning previous build artifacts...\"\nrm -rf \"${DEVICE_ARCHIVE_PATH}\" \"${SIMULATOR_ARCHIVE_PATH}\" \"${XCFRAMEWORK_OUTPUT_PATH}\"\n\necho \"Archiving for iOS device...\"\nxcodebuild archive \\\n  -scheme \"${SCHEME_NAME}\" \\\n  -configuration \"${CONFIGURATION}\" \\\n  -destination \"generic/platform=iOS\" \\\n  -archivePath \"${DEVICE_ARCHIVE_PATH}\" \\\n  SKIP_INSTALL=NO \\\n  BUILD_LIBRARY_FOR_DISTRIBUTION=YES\n\necho \"Archiving for iOS Simulator...\"\nxcodebuild archive \\\n  -scheme \"${SCHEME_NAME}\" \\\n  -configuration \"${CONFIGURATION}\" \\\n  -destination \"generic/platform=iOS Simulator\" \\\n  -archivePath \"${SIMULATOR_ARCHIVE_PATH}\" \\\n  SKIP_INSTALL=NO \\\n  BUILD_LIBRARY_FOR_DISTRIBUTION=YES\n\necho \"Creating XCFramework...\"\nxcodebuild -create-xcframework \\\n  -framework \"${DEVICE_ARCHIVE_PATH}/Products/Library/Frameworks/${FRAMEWORK_NAME}.framework\" \\\n  -framework \"${SIMULATOR_ARCHIVE_PATH}/Products/Library/Frameworks/${FRAMEWORK_NAME}.framework\" \\\n  -output \"${XCFRAMEWORK_OUTPUT_PATH}\"\n\nrm -rf \"${DEVICE_ARCHIVE_PATH}\" \"${SIMULATOR_ARCHIVE_PATH}\"\n\necho \"✅ XCFramework successfully created at: ${XCFRAMEWORK_OUTPUT_PATH}\"\n\n";
		};
/* End PBXShellScriptBuildPhase section */

/* Begin PBXSourcesBuildPhase section */
		8D464A192D455D0E00059FC6 /* Sources */ = {
			isa = PBXSourcesBuildPhase;
			buildActionMask = 2147483647;
			files = (
			);
			runOnlyForDeploymentPostprocessing = 0;
		};
/* End PBXSourcesBuildPhase section */

/* Begin XCBuildConfiguration section */
		8D0997972D85800A002ADCA9 /* Debug */ = {
			isa = XCBuildConfiguration;
			buildSettings = {
				CODE_SIGN_STYLE = Automatic;
				ENABLE_USER_SCRIPT_SANDBOXING = NO;
				PRODUCT_NAME = "$(TARGET_NAME)";
			};
			name = Debug;
		};
		8D0997982D85800A002ADCA9 /* Release */ = {
			isa = XCBuildConfiguration;
			buildSettings = {
				CODE_SIGN_STYLE = Automatic;
				ENABLE_USER_SCRIPT_SANDBOXING = NO;
				PRODUCT_NAME = "$(TARGET_NAME)";
			};
			name = Release;
		};
		8D464A242D455D0E00059FC6 /* Debug */ = {
			isa = XCBuildConfiguration;
			buildSettings = {
				ALTERNATE_OWNER = "";
				BUILD_LIBRARY_FOR_DISTRIBUTION = YES;
				CODE_SIGN_STYLE = Automatic;
				COMBINE_HIDPI_IMAGES = YES;
				CURRENT_PROJECT_VERSION = 1;
				DEFINES_MODULE = YES;
				DYLIB_COMPATIBILITY_VERSION = 1;
				DYLIB_CURRENT_VERSION = 1;
				DYLIB_INSTALL_NAME_BASE = "@rpath";
				ENABLE_MODULE_VERIFIER = YES;
				FRAMEWORK_SEARCH_PATHS = (
					"$(PROJECT_DIR)/espeak-ng/**",
					"$(PROJECT_DIR)/espeak-ng/espeak-ng/**",
				);
				GCC_C_LANGUAGE_STANDARD = "compiler-default";
				GCC_INPUT_FILETYPE = sourcecode.cpp.cpp;
				GCC_STRICT_ALIASING = YES;
				GCC_WARN_ABOUT_RETURN_TYPE = NO;
				GENERATE_INFOPLIST_FILE = YES;
				HEADER_SEARCH_PATHS = (
					"$(PROJECT_DIR)/espeak-ng",
					"$(PROJECT_DIR)/espeak-ng/espeak-ng",
				);
				INFOPLIST_KEY_NSHumanReadableCopyright = "";
				INSTALL_PATH = "$(LOCAL_LIBRARY_DIR)/Frameworks";
				LD_RUNPATH_SEARCH_PATHS = (
					"$(inherited)",
					"@executable_path/../Frameworks",
					"@loader_path/Frameworks",
				);
				MACOSX_DEPLOYMENT_TARGET = 15.0;
				MARKETING_VERSION = 1.0;
				MODULEMAP_FILE = "$(PROJECT_DIR)/espeak-ng/espeak-ng.modulemap";
				MODULE_VERIFIER_SUPPORTED_LANGUAGES = "objective-c objective-c++";
				MODULE_VERIFIER_SUPPORTED_LANGUAGE_STANDARDS = "gnu17 gnu++20";
				OTHER_CFLAGS = "";
				PRODUCT_BUNDLE_IDENTIFIER = com.kokoro.espeakng;
				PRODUCT_MODULE_NAME = ESpeakNG;
				PRODUCT_NAME = ESpeakNG;
				REGISTER_APP_GROUPS = NO;
				SKIP_INSTALL = YES;
				SUPPORTED_PLATFORMS = "iphoneos iphonesimulator macosx";
				SUPPORTS_MACCATALYST = NO;
				SWIFT_EMIT_LOC_STRINGS = YES;
				SWIFT_INSTALL_OBJC_HEADER = NO;
				SWIFT_VERSION = 5.0;
				TARGETED_DEVICE_FAMILY = "1,2";
			};
			name = Debug;
		};
		8D464A252D455D0E00059FC6 /* Release */ = {
			isa = XCBuildConfiguration;
			buildSettings = {
				ALTERNATE_OWNER = "";
				BUILD_LIBRARY_FOR_DISTRIBUTION = YES;
				CODE_SIGN_STYLE = Automatic;
				COMBINE_HIDPI_IMAGES = YES;
				CURRENT_PROJECT_VERSION = 1;
				DEFINES_MODULE = YES;
				DYLIB_COMPATIBILITY_VERSION = 1;
				DYLIB_CURRENT_VERSION = 1;
				DYLIB_INSTALL_NAME_BASE = "@rpath";
				ENABLE_MODULE_VERIFIER = YES;
				FRAMEWORK_SEARCH_PATHS = (
					"$(PROJECT_DIR)/espeak-ng/**",
					"$(PROJECT_DIR)/espeak-ng/espeak-ng/**",
				);
				GCC_C_LANGUAGE_STANDARD = "compiler-default";
				GCC_INPUT_FILETYPE = sourcecode.cpp.cpp;
				GCC_STRICT_ALIASING = YES;
				GCC_WARN_ABOUT_RETURN_TYPE = NO;
				GENERATE_INFOPLIST_FILE = YES;
				HEADER_SEARCH_PATHS = (
					"$(PROJECT_DIR)/espeak-ng",
					"$(PROJECT_DIR)/espeak-ng/espeak-ng",
				);
				INFOPLIST_KEY_NSHumanReadableCopyright = "";
				INSTALL_PATH = "$(LOCAL_LIBRARY_DIR)/Frameworks";
				LD_RUNPATH_SEARCH_PATHS = (
					"$(inherited)",
					"@executable_path/../Frameworks",
					"@loader_path/Frameworks",
				);
				MACOSX_DEPLOYMENT_TARGET = 15.0;
				MARKETING_VERSION = 1.0;
				MODULEMAP_FILE = "$(PROJECT_DIR)/espeak-ng/espeak-ng.modulemap";
				MODULE_VERIFIER_SUPPORTED_LANGUAGES = "objective-c objective-c++";
				MODULE_VERIFIER_SUPPORTED_LANGUAGE_STANDARDS = "gnu17 gnu++20";
				OTHER_CFLAGS = "";
				PRODUCT_BUNDLE_IDENTIFIER = com.kokoro.espeakng;
				PRODUCT_MODULE_NAME = ESpeakNG;
				PRODUCT_NAME = ESpeakNG;
				REGISTER_APP_GROUPS = NO;
				SKIP_INSTALL = YES;
				SUPPORTED_PLATFORMS = "iphoneos iphonesimulator macosx";
				SUPPORTS_MACCATALYST = NO;
				SWIFT_EMIT_LOC_STRINGS = YES;
				SWIFT_INSTALL_OBJC_HEADER = NO;
				SWIFT_VERSION = 5.0;
				TARGETED_DEVICE_FAMILY = "1,2";
			};
			name = Release;
		};
		8D464A262D455D0E00059FC6 /* Debug */ = {
			isa = XCBuildConfiguration;
			buildSettings = {
				ALWAYS_SEARCH_USER_PATHS = NO;
				ASSETCATALOG_COMPILER_GENERATE_SWIFT_ASSET_SYMBOL_EXTENSIONS = YES;
				CLANG_ANALYZER_NONNULL = YES;
				CLANG_ANALYZER_NUMBER_OBJECT_CONVERSION = YES_AGGRESSIVE;
				CLANG_CXX_LANGUAGE_STANDARD = "gnu++20";
				CLANG_ENABLE_MODULES = YES;
				CLANG_ENABLE_OBJC_ARC = YES;
				CLANG_ENABLE_OBJC_WEAK = YES;
				CLANG_WARN_BLOCK_CAPTURE_AUTORELEASING = YES;
				CLANG_WARN_BOOL_CONVERSION = YES;
				CLANG_WARN_COMMA = YES;
				CLANG_WARN_CONSTANT_CONVERSION = YES;
				CLANG_WARN_DEPRECATED_OBJC_IMPLEMENTATIONS = YES;
				CLANG_WARN_DIRECT_OBJC_ISA_USAGE = YES_ERROR;
				CLANG_WARN_DOCUMENTATION_COMMENTS = YES;
				CLANG_WARN_EMPTY_BODY = YES;
				CLANG_WARN_ENUM_CONVERSION = YES;
				CLANG_WARN_INFINITE_RECURSION = YES;
				CLANG_WARN_INT_CONVERSION = YES;
				CLANG_WARN_NON_LITERAL_NULL_CONVERSION = YES;
				CLANG_WARN_OBJC_IMPLICIT_RETAIN_SELF = YES;
				CLANG_WARN_OBJC_LITERAL_CONVERSION = YES;
				CLANG_WARN_OBJC_ROOT_CLASS = YES_ERROR;
				CLANG_WARN_QUOTED_INCLUDE_IN_FRAMEWORK_HEADER = YES;
				CLANG_WARN_RANGE_LOOP_ANALYSIS = YES;
				CLANG_WARN_STRICT_PROTOTYPES = YES;
				CLANG_WARN_SUSPICIOUS_MOVE = YES;
				CLANG_WARN_UNGUARDED_AVAILABILITY = YES_AGGRESSIVE;
				CLANG_WARN_UNREACHABLE_CODE = YES;
				CLANG_WARN__DUPLICATE_METHOD_MATCH = YES;
				COPY_PHASE_STRIP = NO;
				CURRENT_PROJECT_VERSION = 1;
				DEBUG_INFORMATION_FORMAT = dwarf;
				ENABLE_STRICT_OBJC_MSGSEND = YES;
				ENABLE_TESTABILITY = YES;
				ENABLE_USER_SCRIPT_SANDBOXING = YES;
				GCC_C_LANGUAGE_STANDARD = gnu17;
				GCC_DYNAMIC_NO_PIC = NO;
				GCC_NO_COMMON_BLOCKS = YES;
				GCC_OPTIMIZATION_LEVEL = 0;
				GCC_PREPROCESSOR_DEFINITIONS = (
					"DEBUG=1",
					"$(inherited)",
				);
				GCC_WARN_64_TO_32_BIT_CONVERSION = YES;
				GCC_WARN_ABOUT_RETURN_TYPE = YES_ERROR;
				GCC_WARN_UNDECLARED_SELECTOR = YES;
				GCC_WARN_UNINITIALIZED_AUTOS = YES_AGGRESSIVE;
				GCC_WARN_UNUSED_FUNCTION = YES;
				GCC_WARN_UNUSED_VARIABLE = YES;
				LOCALIZATION_PREFERS_STRING_CATALOGS = YES;
				MACOSX_DEPLOYMENT_TARGET = 15.2;
				MTL_ENABLE_DEBUG_INFO = INCLUDE_SOURCE;
				MTL_FAST_MATH = YES;
				ONLY_ACTIVE_ARCH = YES;
				SDKROOT = macosx;
				SWIFT_ACTIVE_COMPILATION_CONDITIONS = "DEBUG $(inherited)";
				SWIFT_OPTIMIZATION_LEVEL = "-Onone";
				VERSIONING_SYSTEM = "apple-generic";
				VERSION_INFO_PREFIX = "";
			};
			name = Debug;
		};
		8D464A272D455D0E00059FC6 /* Release */ = {
			isa = XCBuildConfiguration;
			buildSettings = {
				ALWAYS_SEARCH_USER_PATHS = NO;
				ASSETCATALOG_COMPILER_GENERATE_SWIFT_ASSET_SYMBOL_EXTENSIONS = YES;
				CLANG_ANALYZER_NONNULL = YES;
				CLANG_ANALYZER_NUMBER_OBJECT_CONVERSION = YES_AGGRESSIVE;
				CLANG_CXX_LANGUAGE_STANDARD = "gnu++20";
				CLANG_ENABLE_MODULES = YES;
				CLANG_ENABLE_OBJC_ARC = YES;
				CLANG_ENABLE_OBJC_WEAK = YES;
				CLANG_WARN_BLOCK_CAPTURE_AUTORELEASING = YES;
				CLANG_WARN_BOOL_CONVERSION = YES;
				CLANG_WARN_COMMA = YES;
				CLANG_WARN_CONSTANT_CONVERSION = YES;
				CLANG_WARN_DEPRECATED_OBJC_IMPLEMENTATIONS = YES;
				CLANG_WARN_DIRECT_OBJC_ISA_USAGE = YES_ERROR;
				CLANG_WARN_DOCUMENTATION_COMMENTS = YES;
				CLANG_WARN_EMPTY_BODY = YES;
				CLANG_WARN_ENUM_CONVERSION = YES;
				CLANG_WARN_INFINITE_RECURSION = YES;
				CLANG_WARN_INT_CONVERSION = YES;
				CLANG_WARN_NON_LITERAL_NULL_CONVERSION = YES;
				CLANG_WARN_OBJC_IMPLICIT_RETAIN_SELF = YES;
				CLANG_WARN_OBJC_LITERAL_CONVERSION = YES;
				CLANG_WARN_OBJC_ROOT_CLASS = YES_ERROR;
				CLANG_WARN_QUOTED_INCLUDE_IN_FRAMEWORK_HEADER = YES;
				CLANG_WARN_RANGE_LOOP_ANALYSIS = YES;
				CLANG_WARN_STRICT_PROTOTYPES = YES;
				CLANG_WARN_SUSPICIOUS_MOVE = YES;
				CLANG_WARN_UNGUARDED_AVAILABILITY = YES_AGGRESSIVE;
				CLANG_WARN_UNREACHABLE_CODE = YES;
				CLANG_WARN__DUPLICATE_METHOD_MATCH = YES;
				COPY_PHASE_STRIP = NO;
				CURRENT_PROJECT_VERSION = 1;
				DEBUG_INFORMATION_FORMAT = "dwarf-with-dsym";
				ENABLE_NS_ASSERTIONS = NO;
				ENABLE_STRICT_OBJC_MSGSEND = YES;
				ENABLE_USER_SCRIPT_SANDBOXING = YES;
				GCC_C_LANGUAGE_STANDARD = gnu17;
				GCC_NO_COMMON_BLOCKS = YES;
				GCC_WARN_64_TO_32_BIT_CONVERSION = YES;
				GCC_WARN_ABOUT_RETURN_TYPE = YES_ERROR;
				GCC_WARN_UNDECLARED_SELECTOR = YES;
				GCC_WARN_UNINITIALIZED_AUTOS = YES_AGGRESSIVE;
				GCC_WARN_UNUSED_FUNCTION = YES;
				GCC_WARN_UNUSED_VARIABLE = YES;
				LOCALIZATION_PREFERS_STRING_CATALOGS = YES;
				MACOSX_DEPLOYMENT_TARGET = 15.2;
				MTL_ENABLE_DEBUG_INFO = NO;
				MTL_FAST_MATH = YES;
				SDKROOT = macosx;
				SWIFT_COMPILATION_MODE = wholemodule;
				VERSIONING_SYSTEM = "apple-generic";
				VERSION_INFO_PREFIX = "";
			};
			name = Release;
		};
		8D4650942D4E7DD500059FC6 /* Debug */ = {
			isa = XCBuildConfiguration;
			buildSettings = {
				CODE_SIGN_STYLE = Automatic;
				ENABLE_USER_SCRIPT_SANDBOXING = NO;
				PRODUCT_NAME = "$(TARGET_NAME)";
			};
			name = Debug;
		};
		8D4650952D4E7DD500059FC6 /* Release */ = {
			isa = XCBuildConfiguration;
			buildSettings = {
				CODE_SIGN_STYLE = Automatic;
				ENABLE_USER_SCRIPT_SANDBOXING = NO;
				PRODUCT_NAME = "$(TARGET_NAME)";
			};
			name = Release;
		};
/* End XCBuildConfiguration section */

/* Begin XCConfigurationList section */
		8D0997962D85800A002ADCA9 /* Build configuration list for PBXAggregateTarget "espeak-ng macosx" */ = {
			isa = XCConfigurationList;
			buildConfigurations = (
				8D0997972D85800A002ADCA9 /* Debug */,
				8D0997982D85800A002ADCA9 /* Release */,
			);
			defaultConfigurationIsVisible = 0;
			defaultConfigurationName = Release;
		};
		8D464A172D455D0E00059FC6 /* Build configuration list for PBXProject "espeak-ng" */ = {
			isa = XCConfigurationList;
			buildConfigurations = (
				8D464A262D455D0E00059FC6 /* Debug */,
				8D464A272D455D0E00059FC6 /* Release */,
			);
			defaultConfigurationIsVisible = 0;
			defaultConfigurationName = Release;
		};
		8D464A232D455D0E00059FC6 /* Build configuration list for PBXNativeTarget "espeak-ng" */ = {
			isa = XCConfigurationList;
			buildConfigurations = (
				8D464A242D455D0E00059FC6 /* Debug */,
				8D464A252D455D0E00059FC6 /* Release */,
			);
			defaultConfigurationIsVisible = 0;
			defaultConfigurationName = Release;
		};
		8D4650962D4E7DD500059FC6 /* Build configuration list for PBXAggregateTarget "espeak-ng .xcframework" */ = {
			isa = XCConfigurationList;
			buildConfigurations = (
				8D4650942D4E7DD500059FC6 /* Debug */,
				8D4650952D4E7DD500059FC6 /* Release */,
			);
			defaultConfigurationIsVisible = 0;
			defaultConfigurationName = Release;
		};
/* End XCConfigurationList section */
	};
	rootObject = 8D464A142D455D0E00059FC6 /* Project object */;
}
